
Microsoft Visual Studio Solution File, Format Version 12.00
# Visual Studio Version 17
VisualStudioVersion = 17.13.35825.156 d17.13
MinimumVisualStudioVersion = 10.0.40219.1
Project("{FAE04EC0-301F-11D3-BF4B-00C04F79EFBC}") = "RestMiddleware", "RestMiddleware\RestMiddleware.csproj", "{064BF846-AE05-46E2-BC21-AA03E5EA1EB7}"
EndProject
Project("{FAE04EC0-301F-11D3-BF4B-00C04F79EFBC}") = "TestNetCore31", "Tests\TestNetCore31\TestNetCore31.csproj", "{E263EF5D-67F8-3820-4EC9-B75A86BC00A7}"
EndProject
Project("{FAE04EC0-301F-11D3-BF4B-00C04F79EFBC}") = "TestClassicFramework", "Tests\TestClassicFramework\TestClassicFramework.csproj", "{E6E71A80-FA00-2596-C232-EFC375FAFDF4}"
EndProject
Project("{FAE04EC0-301F-11D3-BF4B-00C04F79EFBC}") = "TestNet5", "Tests\TestNet5\TestNet5.csproj", "{BD0C61E1-E9DE-CE98-CFDD-7139C425F2E5}"
EndProject
Global
	GlobalSection(SolutionConfigurationPlatforms) = preSolution
		Debug|Any CPU = Debug|Any CPU
		Release|Any CPU = Release|Any CPU
	EndGlobalSection
	GlobalSection(ProjectConfigurationPlatforms) = postSolution
		{064BF846-AE05-46E2-BC21-AA03E5EA1EB7}.Debug|Any CPU.ActiveCfg = Debug|Any CPU
		{064BF846-AE05-46E2-BC21-AA03E5EA1EB7}.Debug|Any CPU.Build.0 = Debug|Any CPU
		{064BF846-AE05-46E2-BC21-AA03E5EA1EB7}.Release|Any CPU.ActiveCfg = Release|Any CPU
		{064BF846-AE05-46E2-BC21-AA03E5EA1EB7}.Release|Any CPU.Build.0 = Release|Any CPU
		{E263EF5D-67F8-3820-4EC9-B75A86BC00A7}.Debug|Any CPU.ActiveCfg = Debug|Any CPU
		{E263EF5D-67F8-3820-4EC9-B75A86BC00A7}.Debug|Any CPU.Build.0 = Debug|Any CPU
		{E263EF5D-67F8-3820-4EC9-B75A86BC00A7}.Release|Any CPU.ActiveCfg = Release|Any CPU
		{E263EF5D-67F8-3820-4EC9-B75A86BC00A7}.Release|Any CPU.Build.0 = Release|Any CPU
		{E6E71A80-FA00-2596-C232-EFC375FAFDF4}.Debug|Any CPU.ActiveCfg = Debug|Any CPU
		{E6E71A80-FA00-2596-C232-EFC375FAFDF4}.Debug|Any CPU.Build.0 = Debug|Any CPU
		{E6E71A80-FA00-2596-C232-EFC375FAFDF4}.Release|Any CPU.ActiveCfg = Release|Any CPU
		{E6E71A80-FA00-2596-C232-EFC375FAFDF4}.Release|Any CPU.Build.0 = Release|Any CPU
		{BD0C61E1-E9DE-CE98-CFDD-7139C425F2E5}.Debug|Any CPU.ActiveCfg = Debug|Any CPU
		{BD0C61E1-E9DE-CE98-CFDD-7139C425F2E5}.Debug|Any CPU.Build.0 = Debug|Any CPU
		{BD0C61E1-E9DE-CE98-CFDD-7139C425F2E5}.Release|Any CPU.ActiveCfg = Release|Any CPU
		{BD0C61E1-E9DE-CE98-CFDD-7139C425F2E5}.Release|Any CPU.Build.0 = Release|Any CPU
	EndGlobalSection
	GlobalSection(SolutionProperties) = preSolution
		HideSolutionNode = FALSE
	EndGlobalSection
	GlobalSection(ExtensibilityGlobals) = postSolution
		SolutionGuid = {5843AFD7-24DC-4C3C-ABF7-0B3156218DFA}
	EndGlobalSection
EndGlobal
