
Microsoft Visual Studio Solution File, Format Version 12.00
# Visual Studio Version 16
VisualStudioVersion = 16.0.31605.320
MinimumVisualStudioVersion = 10.0.40219.1
Project("{FAE04EC0-301F-11D3-BF4B-00C04F79EFBC}") = "RestMiddleware", "RestMiddleware\RestMiddleware.csproj", "{064BF846-AE05-46E2-BC21-AA03E5EA1EB7}"
EndProject
Global
	GlobalSection(SolutionConfigurationPlatforms) = preSolution
		Debug|Any CPU = Debug|Any CPU
		Release|Any CPU = Release|Any CPU
	EndGlobalSection
	GlobalSection(ProjectConfigurationPlatforms) = postSolution
		{064BF846-AE05-46E2-BC21-AA03E5EA1EB7}.Debug|Any CPU.ActiveCfg = Debug|Any CPU
		{064BF846-AE05-46E2-BC21-AA03E5EA1EB7}.Debug|Any CPU.Build.0 = Debug|Any CPU
		{064BF846-AE05-46E2-BC21-AA03E5EA1EB7}.Release|Any CPU.ActiveCfg = Release|Any CPU
		{064BF846-AE05-46E2-BC21-AA03E5EA1EB7}.Release|Any CPU.Build.0 = Release|Any CPU
	EndGlobalSection
	GlobalSection(SolutionProperties) = preSolution
		HideSolutionNode = FALSE
	EndGlobalSection
	GlobalSection(ExtensibilityGlobals) = postSolution
		SolutionGuid = {5843AFD7-24DC-4C3C-ABF7-0B3156218DFA}
	EndGlobalSection
EndGlobal
